PODS:
  - Sourcery (1.8.2):
    - Sourcery/CLI-Only (= 1.8.2)
  - Sourcery/CLI-Only (1.8.2)
  - SwiftyMocky (4.2.0):
    - Sourcery (= 1.8.2)

DEPENDENCIES:
  - SwiftyMocky (from `./`)

SPEC REPOS:
  trunk:
    - Sourcery

EXTERNAL SOURCES:
  SwiftyMocky:
    :path: "./"

SPEC CHECKSUMS:
  Sourcery: ad4aba88367fbaf0c1ae6ec4ba3282db1b571624
  SwiftyMocky: aad718b27980841dd5a6d032410e1b39e5bd4546

PODFILE CHECKSUM: bdcefa827bbd4d82b3bb801ca8e42fd57d9afed5

COCOAPODS: 1.11.3
